
Microsoft Visual Studio Solution File, Format Version 12.00
# Visual Studio Version 17
VisualStudioVersion = 17.0.32014.148
MinimumVisualStudioVersion = 10.0.40219.1
Project("{9A19103F-16F7-4668-BE54-9A1E7A4F7556}") = "GreenDelivery", "GreenDelivery.csproj", "{73AD68FA-5744-436C-B3BB-EEA0242263C2}"
EndProject
Project("{9A19103F-16F7-4668-BE54-9A1E7A4F7556}") = "GreenDelivery.Service", "..\GreenDelivery.Service\GreenDelivery.Service.csproj", "{1DB9E795-5959-4E20-9BA5-88354576AF4B}"
EndProject
Project("{9A19103F-16F7-4668-BE54-9A1E7A4F7556}") = "GreenDelivery.Test", "..\GreenDelivery.Test\GreenDelivery.Test.csproj", "{2215A53B-E35C-4163-B90F-228E71C3CCA5}"
EndProject
Global
	GlobalSection(SolutionConfigurationPlatforms) = preSolution
		Debug|Any CPU = Debug|Any CPU
		Release|Any CPU = Release|Any CPU
	EndGlobalSection
	GlobalSection(ProjectConfigurationPlatforms) = postSolution
		{73AD68FA-5744-436C-B3BB-EEA0242263C2}.Debug|Any CPU.ActiveCfg = Debug|Any CPU
		{73AD68FA-5744-436C-B3BB-EEA0242263C2}.Debug|Any CPU.Build.0 = Debug|Any CPU
		{73AD68FA-5744-436C-B3BB-EEA0242263C2}.Release|Any CPU.ActiveCfg = Release|Any CPU
		{73AD68FA-5744-436C-B3BB-EEA0242263C2}.Release|Any CPU.Build.0 = Release|Any CPU
		{1DB9E795-5959-4E20-9BA5-88354576AF4B}.Debug|Any CPU.ActiveCfg = Debug|Any CPU
		{1DB9E795-5959-4E20-9BA5-88354576AF4B}.Debug|Any CPU.Build.0 = Debug|Any CPU
		{1DB9E795-5959-4E20-9BA5-88354576AF4B}.Release|Any CPU.ActiveCfg = Release|Any CPU
		{1DB9E795-5959-4E20-9BA5-88354576AF4B}.Release|Any CPU.Build.0 = Release|Any CPU
		{2215A53B-E35C-4163-B90F-228E71C3CCA5}.Debug|Any CPU.ActiveCfg = Debug|Any CPU
		{2215A53B-E35C-4163-B90F-228E71C3CCA5}.Debug|Any CPU.Build.0 = Debug|Any CPU
		{2215A53B-E35C-4163-B90F-228E71C3CCA5}.Release|Any CPU.ActiveCfg = Release|Any CPU
		{2215A53B-E35C-4163-B90F-228E71C3CCA5}.Release|Any CPU.Build.0 = Release|Any CPU
	EndGlobalSection
	GlobalSection(SolutionProperties) = preSolution
		HideSolutionNode = FALSE
	EndGlobalSection
	GlobalSection(ExtensibilityGlobals) = postSolution
		SolutionGuid = {13DF007C-BC60-46D3-AAFB-7916FEC4DFBD}
	EndGlobalSection
EndGlobal
